
Microsoft Visual Studio Solution File, Format Version 12.00
# Visual Studio Version 16
VisualStudioVersion = 16.0.30621.155
MinimumVisualStudioVersion = 10.0.40219.1
Project("{FAE04EC0-301F-11D3-BF4B-00C04F79EFBC}") = "SNAKE", "SNAKE\SNAKE.csproj", "{60B3927D-CDEA-4032-B355-AC6CDCC636A8}"
EndProject
Global
	GlobalSection(SolutionConfigurationPlatforms) = preSolution
		Debug|Any CPU = Debug|Any CPU
		Release|Any CPU = Release|Any CPU
	EndGlobalSection
	GlobalSection(ProjectConfigurationPlatforms) = postSolution
		{60B3927D-CDEA-4032-B355-AC6CDCC636A8}.Debug|Any CPU.ActiveCfg = Debug|Any CPU
		{60B3927D-CDEA-4032-B355-AC6CDCC636A8}.Debug|Any CPU.Build.0 = Debug|Any CPU
		{60B3927D-CDEA-4032-B355-AC6CDCC636A8}.Release|Any CPU.ActiveCfg = Release|Any CPU
		{60B3927D-CDEA-4032-B355-AC6CDCC636A8}.Release|Any CPU.Build.0 = Release|Any CPU
	EndGlobalSection
	GlobalSection(SolutionProperties) = preSolution
		HideSolutionNode = FALSE
	EndGlobalSection
	GlobalSection(ExtensibilityGlobals) = postSolution
		SolutionGuid = {8566CB5A-73B9-4FBA-B211-35E40911665A}
	EndGlobalSection
EndGlobal
